// !$*UTF8*$!
{
	archiveVersion = 1;
	classes = {
	};
	objectVersion = 46;
	objects = {

/* Begin PBXBuildFile section */
		3E62281C1B9FCF49004A7556 /* CoreVideo.framework in Frameworks */ = {isa = PBXBuildFile; fileRef = 3E62281B1B9FCF49004A7556 /* CoreVideo.framework */; };
		3E62281E1B9FD046004A7556 /* AppKit.framework in Frameworks */ = {isa = PBXBuildFile; fileRef = 3E62281D1B9FD046004A7556 /* AppKit.framework */; };
		3E6228241B9FD3C8004A7556 /* OpenCL.framework in Frameworks */ = {isa = PBXBuildFile; fileRef = 3E6228231B9FD3C8004A7556 /* OpenCL.framework */; };
		3E6228261B9FD6DC004A7556 /* QTKit.framework in Frameworks */ = {isa = PBXBuildFile; fileRef = 3E6228251B9FD6DC004A7556 /* QTKit.framework */; };
		3E6BF45A1B9E8498000FBD6C /* main.cpp in Sources */ = {isa = PBXBuildFile; fileRef = 3E6BF4591B9E8498000FBD6C /* main.cpp */; };
/* End PBXBuildFile section */

/* Begin PBXCopyFilesBuildPhase section */
		3E6BF4541B9E8498000FBD6C /* CopyFiles */ = {
			isa = PBXCopyFilesBuildPhase;
			buildActionMask = 2147483647;
			dstPath = /usr/share/man/man1/;
			dstSubfolderSpec = 0;
			files = (
			);
			runOnlyForDeploymentPostprocessing = 1;
		};
/* End PBXCopyFilesBuildPhase section */

/* Begin PBXFileReference section */
		3E62281B1B9FCF49004A7556 /* CoreVideo.framework */ = {isa = PBXFileReference; lastKnownFileType = wrapper.framework; name = CoreVideo.framework; path = System/Library/Frameworks/CoreVideo.framework; sourceTree = SDKROOT; };
		3E62281D1B9FD046004A7556 /* AppKit.framework */ = {isa = PBXFileReference; lastKnownFileType = wrapper.framework; name = AppKit.framework; path = System/Library/Frameworks/AppKit.framework; sourceTree = SDKROOT; };
		3E6228231B9FD3C8004A7556 /* OpenCL.framework */ = {isa = PBXFileReference; lastKnownFileType = wrapper.framework; name = OpenCL.framework; path = System/Library/Frameworks/OpenCL.framework; sourceTree = SDKROOT; };
		3E6228251B9FD6DC004A7556 /* QTKit.framework */ = {isa = PBXFileReference; lastKnownFileType = wrapper.framework; name = QTKit.framework; path = System/Library/Frameworks/QTKit.framework; sourceTree = SDKROOT; };
		3E6BF4561B9E8498000FBD6C /* diamond_search */ = {isa = PBXFileReference; explicitFileType = "compiled.mach-o.executable"; includeInIndex = 0; path = diamond_search; sourceTree = BUILT_PRODUCTS_DIR; };
		3E6BF4591B9E8498000FBD6C /* main.cpp */ = {isa = PBXFileReference; lastKnownFileType = sourcecode.cpp.cpp; path = main.cpp; sourceTree = "<group>"; };
/* End PBXFileReference section */

/* Begin PBXFrameworksBuildPhase section */
		3E6BF4531B9E8498000FBD6C /* Frameworks */ = {
			isa = PBXFrameworksBuildPhase;
			buildActionMask = 2147483647;
			files = (
				3E6228261B9FD6DC004A7556 /* QTKit.framework in Frameworks */,
				3E6228241B9FD3C8004A7556 /* OpenCL.framework in Frameworks */,
				3E62281E1B9FD046004A7556 /* AppKit.framework in Frameworks */,
				3E62281C1B9FCF49004A7556 /* CoreVideo.framework in Frameworks */,
			);
			runOnlyForDeploymentPostprocessing = 0;
		};
/* End PBXFrameworksBuildPhase section */

/* Begin PBXGroup section */
		3E6BF44D1B9E8498000FBD6C = {
			isa = PBXGroup;
			children = (
				3E6228251B9FD6DC004A7556 /* QTKit.framework */,
				3E6228231B9FD3C8004A7556 /* OpenCL.framework */,
				3E62281D1B9FD046004A7556 /* AppKit.framework */,
				3E62281B1B9FCF49004A7556 /* CoreVideo.framework */,
				3E6BF4581B9E8498000FBD6C /* diamond_search */,
				3E6BF4571B9E8498000FBD6C /* Products */,
			);
			sourceTree = "<group>";
		};
		3E6BF4571B9E8498000FBD6C /* Products */ = {
			isa = PBXGroup;
			children = (
				3E6BF4561B9E8498000FBD6C /* diamond_search */,
			);
			name = Products;
			sourceTree = "<group>";
		};
		3E6BF4581B9E8498000FBD6C /* diamond_search */ = {
			isa = PBXGroup;
			children = (
				3E6BF4591B9E8498000FBD6C /* main.cpp */,
			);
			path = diamond_search;
			sourceTree = "<group>";
		};
/* End PBXGroup section */

/* Begin PBXNativeTarget section */
		3E6BF4551B9E8498000FBD6C /* diamond_search */ = {
			isa = PBXNativeTarget;
			buildConfigurationList = 3E6BF45D1B9E8498000FBD6C /* Build configuration list for PBXNativeTarget "diamond_search" */;
			buildPhases = (
				3E6BF4521B9E8498000FBD6C /* Sources */,
				3E6BF4531B9E8498000FBD6C /* Frameworks */,
				3E6BF4541B9E8498000FBD6C /* CopyFiles */,
			);
			buildRules = (
			);
			dependencies = (
			);
			name = diamond_search;
			productName = diamond_search;
			productReference = 3E6BF4561B9E8498000FBD6C /* diamond_search */;
			productType = "com.apple.product-type.tool";
		};
/* End PBXNativeTarget section */

/* Begin PBXProject section */
		3E6BF44E1B9E8498000FBD6C /* Project object */ = {
			isa = PBXProject;
			attributes = {
				LastUpgradeCheck = 0640;
				ORGANIZATIONNAME = 1;
				TargetAttributes = {
					3E6BF4551B9E8498000FBD6C = {
						CreatedOnToolsVersion = 6.4;
					};
				};
			};
			buildConfigurationList = 3E6BF4511B9E8498000FBD6C /* Build configuration list for PBXProject "diamond_search" */;
			compatibilityVersion = "Xcode 3.2";
			developmentRegion = English;
			hasScannedForEncodings = 0;
			knownRegions = (
				en,
			);
			mainGroup = 3E6BF44D1B9E8498000FBD6C;
			productRefGroup = 3E6BF4571B9E8498000FBD6C /* Products */;
			projectDirPath = "";
			projectRoot = "";
			targets = (
				3E6BF4551B9E8498000FBD6C /* diamond_search */,
			);
		};
/* End PBXProject section */

/* Begin PBXSourcesBuildPhase section */
		3E6BF4521B9E8498000FBD6C /* Sources */ = {
			isa = PBXSourcesBuildPhase;
			buildActionMask = 2147483647;
			files = (
				3E6BF45A1B9E8498000FBD6C /* main.cpp in Sources */,
			);
			runOnlyForDeploymentPostprocessing = 0;
		};
/* End PBXSourcesBuildPhase section */

/* Begin XCBuildConfiguration section */
		3E6BF45B1B9E8498000FBD6C /* Debug */ = {
			isa = XCBuildConfiguration;
			buildSettings = {
				ALWAYS_SEARCH_USER_PATHS = NO;
				CLANG_CXX_LANGUAGE_STANDARD = "gnu++0x";
				CLANG_CXX_LIBRARY = "libc++";
				CLANG_ENABLE_MODULES = YES;
				CLANG_ENABLE_OBJC_ARC = YES;
				CLANG_WARN_BOOL_CONVERSION = YES;
				CLANG_WARN_CONSTANT_CONVERSION = YES;
				CLANG_WARN_DIRECT_OBJC_ISA_USAGE = YES_ERROR;
				CLANG_WARN_EMPTY_BODY = YES;
				CLANG_WARN_ENUM_CONVERSION = YES;
				CLANG_WARN_INT_CONVERSION = YES;
				CLANG_WARN_OBJC_ROOT_CLASS = YES_ERROR;
				CLANG_WARN_UNREACHABLE_CODE = YES;
				CLANG_WARN__DUPLICATE_METHOD_MATCH = YES;
				COPY_PHASE_STRIP = NO;
				DEBUG_INFORMATION_FORMAT = dwarf;
				ENABLE_STRICT_OBJC_MSGSEND = YES;
				GCC_C_LANGUAGE_STANDARD = gnu99;
				GCC_DYNAMIC_NO_PIC = NO;
				GCC_NO_COMMON_BLOCKS = YES;
				GCC_OPTIMIZATION_LEVEL = 0;
				GCC_PREPROCESSOR_DEFINITIONS = (
					"DEBUG=1",
					"$(inherited)",
				);
				GCC_SYMBOLS_PRIVATE_EXTERN = NO;
				GCC_WARN_64_TO_32_BIT_CONVERSION = YES;
				GCC_WARN_ABOUT_RETURN_TYPE = YES_ERROR;
				GCC_WARN_UNDECLARED_SELECTOR = YES;
				GCC_WARN_UNINITIALIZED_AUTOS = YES_AGGRESSIVE;
				GCC_WARN_UNUSED_FUNCTION = YES;
				GCC_WARN_UNUSED_VARIABLE = YES;
				INSTALL_PATH = "";
				MACOSX_DEPLOYMENT_TARGET = 10.10;
				MTL_ENABLE_DEBUG_INFO = YES;
				ONLY_ACTIVE_ARCH = YES;
				SDKROOT = macosx;
			};
			name = Debug;
		};
		3E6BF45C1B9E8498000FBD6C /* Release */ = {
			isa = XCBuildConfiguration;
			buildSettings = {
				ALWAYS_SEARCH_USER_PATHS = NO;
				CLANG_CXX_LANGUAGE_STANDARD = "gnu++0x";
				CLANG_CXX_LIBRARY = "libc++";
				CLANG_ENABLE_MODULES = YES;
				CLANG_ENABLE_OBJC_ARC = YES;
				CLANG_WARN_BOOL_CONVERSION = YES;
				CLANG_WARN_CONSTANT_CONVERSION = YES;
				CLANG_WARN_DIRECT_OBJC_ISA_USAGE = YES_ERROR;
				CLANG_WARN_EMPTY_BODY = YES;
				CLANG_WARN_ENUM_CONVERSION = YES;
				CLANG_WARN_INT_CONVERSION = YES;
				CLANG_WARN_OBJC_ROOT_CLASS = YES_ERROR;
				CLANG_WARN_UNREACHABLE_CODE = YES;
				CLANG_WARN__DUPLICATE_METHOD_MATCH = YES;
				COPY_PHASE_STRIP = NO;
				DEBUG_INFORMATION_FORMAT = "dwarf-with-dsym";
				ENABLE_NS_ASSERTIONS = NO;
				ENABLE_STRICT_OBJC_MSGSEND = YES;
				GCC_C_LANGUAGE_STANDARD = gnu99;
				GCC_NO_COMMON_BLOCKS = YES;
				GCC_WARN_64_TO_32_BIT_CONVERSION = YES;
				GCC_WARN_ABOUT_RETURN_TYPE = YES_ERROR;
				GCC_WARN_UNDECLARED_SELECTOR = YES;
				GCC_WARN_UNINITIALIZED_AUTOS = YES_AGGRESSIVE;
				GCC_WARN_UNUSED_FUNCTION = YES;
				GCC_WARN_UNUSED_VARIABLE = YES;
				INSTALL_PATH = "";
				MACOSX_DEPLOYMENT_TARGET = 10.10;
				MTL_ENABLE_DEBUG_INFO = NO;
				ONLY_ACTIVE_ARCH = NO;
				SDKROOT = macosx;
			};
			name = Release;
		};
		3E6BF45E1B9E8498000FBD6C /* Debug */ = {
			isa = XCBuildConfiguration;
			buildSettings = {
				HEADER_SEARCH_PATHS = (
					"$(inherited)",
					/Applications/Xcode.app/Contents/Developer/Toolchains/XcodeDefault.xctoolchain/usr/include,
					/usr/local/include,
				);
				LIBRARY_SEARCH_PATHS = (
					/usr/local/lib,
					/usr/local/share/OpenCV/3rdparty/lib,
				);
				MACH_O_TYPE = mh_execute;
				OTHER_LDFLAGS = (
					"-lopencv_calib3d",
					"-lopencv_core",
					"-lopencv_features2d",
					"-lopencv_flann",
					"-lopencv_highgui",
					"-lopencv_imgcodecs",
					"-lopencv_imgproc",
					"-lopencv_ml",
					"-lopencv_objdetect",
					"-lopencv_photo",
					"-lopencv_shape",
					"-lopencv_stitching",
					"-lopencv_superres",
					"-lopencv_ts",
					"-lopencv_video",
					"-lopencv_videoio",
					"-lopencv_videostab",
					"-llibtiff",
					"-llibwebp",
					"-lopencv_hal",
					"-lIlmImf",
					"-lzlib",
					"-llibjpeg",
					"-lippicv",
					"-llibpng",
					"-llibjasper",
				);
				PRODUCT_NAME = "$(TARGET_NAME)";
			};
			name = Debug;
		};
		3E6BF45F1B9E8498000FBD6C /* Release */ = {
			isa = XCBuildConfiguration;
			buildSettings = {
				HEADER_SEARCH_PATHS = (
					"$(inherited)",
					/Applications/Xcode.app/Contents/Developer/Toolchains/XcodeDefault.xctoolchain/usr/include,
					/usr/local/include,
				);
				LIBRARY_SEARCH_PATHS = (
					/usr/local/lib,
					/usr/local/share/OpenCV/3rdparty/lib,
				);
				MACH_O_TYPE = mh_execute;
				OTHER_LDFLAGS = (
					"-lopencv_calib3d",
					"-lopencv_core",
					"-lopencv_features2d",
					"-lopencv_flann",
					"-lopencv_highgui",
					"-lopencv_imgcodecs",
					"-lopencv_imgproc",
					"-lopencv_ml",
					"-lopencv_objdetect",
					"-lopencv_photo",
					"-lopencv_shape",
					"-lopencv_stitching",
					"-lopencv_superres",
					"-lopencv_ts",
					"-lopencv_video",
					"-lopencv_videoio",
					"-lopencv_videostab",
					"-llibtiff",
					"-llibwebp",
					"-lopencv_hal",
					"-lIlmImf",
					"-lzlib",
					"-llibjpeg",
					"-lippicv",
					"-llibpng",
					"-llibjasper",
				);
				PRODUCT_NAME = "$(TARGET_NAME)";
			};
			name = Release;
		};
/* End XCBuildConfiguration section */

/* Begin XCConfigurationList section */
		3E6BF4511B9E8498000FBD6C /* Build configuration list for PBXProject "diamond_search" */ = {
			isa = XCConfigurationList;
			buildConfigurations = (
				3E6BF45B1B9E8498000FBD6C /* Debug */,
				3E6BF45C1B9E8498000FBD6C /* Release */,
			);
			defaultConfigurationIsVisible = 0;
			defaultConfigurationName = Release;
		};
		3E6BF45D1B9E8498000FBD6C /* Build configuration list for PBXNativeTarget "diamond_search" */ = {
			isa = XCConfigurationList;
			buildConfigurations = (
				3E6BF45E1B9E8498000FBD6C /* Debug */,
				3E6BF45F1B9E8498000FBD6C /* Release */,
			);
			defaultConfigurationIsVisible = 0;
			defaultConfigurationName = Release;
		};
/* End XCConfigurationList section */
	};
	rootObject = 3E6BF44E1B9E8498000FBD6C /* Project object */;
}
